// !$*UTF8*$!
{
	archiveVersion = 1;
	classes = {
	};
	objectVersion = 46;
	objects = {

/* Begin PBXBuildFile section */
		F7C3D50819E223AE00A606B7 /* AppDelegate.swift in Sources */ = {isa = PBXBuildFile; fileRef = F7C3D50719E223AE00A606B7 /* AppDelegate.swift */; };
		F7C3D50A19E223AE00A606B7 /* ViewController.swift in Sources */ = {isa = PBXBuildFile; fileRef = F7C3D50919E223AE00A606B7 /* ViewController.swift */; };
		F7C3D50D19E223AE00A606B7 /* Main.storyboard in Resources */ = {isa = PBXBuildFile; fileRef = F7C3D50B19E223AE00A606B7 /* Main.storyboard */; };
		F7C3D50F19E223AE00A606B7 /* Images.xcassets in Resources */ = {isa = PBXBuildFile; fileRef = F7C3D50E19E223AE00A606B7 /* Images.xcassets */; };
		F7C3D51B19E223AE00A606B7 /* ripplesTests.swift in Sources */ = {isa = PBXBuildFile; fileRef = F7C3D51A19E223AE00A606B7 /* ripplesTests.swift */; };
/* End PBXBuildFile section */

/* Begin PBXContainerItemProxy section */
		F7C3D51519E223AE00A606B7 /* PBXContainerItemProxy */ = {
			isa = PBXContainerItemProxy;
			containerPortal = F7C3D4FA19E223AE00A606B7 /* Project object */;
			proxyType = 1;
			remoteGlobalIDString = F7C3D50119E223AE00A606B7;
			remoteInfo = ripples;
		};
/* End PBXContainerItemProxy section */

/* Begin PBXFileReference section */
		F7C3D50219E223AE00A606B7 /* ripples.app */ = {isa = PBXFileReference; explicitFileType = wrapper.application; includeInIndex = 0; path = ripples.app; sourceTree = BUILT_PRODUCTS_DIR; };
		F7C3D50619E223AE00A606B7 /* Info.plist */ = {isa = PBXFileReference; lastKnownFileType = text.plist.xml; path = Info.plist; sourceTree = "<group>"; };
		F7C3D50719E223AE00A606B7 /* AppDelegate.swift */ = {isa = PBXFileReference; lastKnownFileType = sourcecode.swift; path = AppDelegate.swift; sourceTree = "<group>"; };
		F7C3D50919E223AE00A606B7 /* ViewController.swift */ = {isa = PBXFileReference; lastKnownFileType = sourcecode.swift; path = ViewController.swift; sourceTree = "<group>"; };
		F7C3D50C19E223AE00A606B7 /* Base */ = {isa = PBXFileReference; lastKnownFileType = file.storyboard; name = Base; path = Base.lproj/Main.storyboard; sourceTree = "<group>"; };
		F7C3D50E19E223AE00A606B7 /* Images.xcassets */ = {isa = PBXFileReference; lastKnownFileType = folder.assetcatalog; path = Images.xcassets; sourceTree = "<group>"; };
		F7C3D51419E223AE00A606B7 /* ripplesTests.xctest */ = {isa = PBXFileReference; explicitFileType = wrapper.cfbundle; includeInIndex = 0; path = ripplesTests.xctest; sourceTree = BUILT_PRODUCTS_DIR; };
		F7C3D51919E223AE00A606B7 /* Info.plist */ = {isa = PBXFileReference; lastKnownFileType = text.plist.xml; path = Info.plist; sourceTree = "<group>"; };
		F7C3D51A19E223AE00A606B7 /* ripplesTests.swift */ = {isa = PBXFileReference; lastKnownFileType = sourcecode.swift; path = ripplesTests.swift; sourceTree = "<group>"; };
/* End PBXFileReference section */

/* Begin PBXFrameworksBuildPhase section */
		F7C3D4FF19E223AE00A606B7 /* Frameworks */ = {
			isa = PBXFrameworksBuildPhase;
			buildActionMask = 2147483647;
			files = (
			);
			runOnlyForDeploymentPostprocessing = 0;
		};
		F7C3D51119E223AE00A606B7 /* Frameworks */ = {
			isa = PBXFrameworksBuildPhase;
			buildActionMask = 2147483647;
			files = (
			);
			runOnlyForDeploymentPostprocessing = 0;
		};
/* End PBXFrameworksBuildPhase section */

/* Begin PBXGroup section */
		F7C3D4F919E223AE00A606B7 = {
			isa = PBXGroup;
			children = (
				F7C3D50419E223AE00A606B7 /* ripples */,
				F7C3D51719E223AE00A606B7 /* ripplesTests */,
				F7C3D50319E223AE00A606B7 /* Products */,
			);
			sourceTree = "<group>";
		};
		F7C3D50319E223AE00A606B7 /* Products */ = {
			isa = PBXGroup;
			children = (
				F7C3D50219E223AE00A606B7 /* ripples.app */,
				F7C3D51419E223AE00A606B7 /* ripplesTests.xctest */,
			);
			name = Products;
			sourceTree = "<group>";
		};
		F7C3D50419E223AE00A606B7 /* ripples */ = {
			isa = PBXGroup;
			children = (
				F7C3D50719E223AE00A606B7 /* AppDelegate.swift */,
				F7C3D50919E223AE00A606B7 /* ViewController.swift */,
				F7C3D50B19E223AE00A606B7 /* Main.storyboard */,
				F7C3D50E19E223AE00A606B7 /* Images.xcassets */,
				F7C3D50519E223AE00A606B7 /* Supporting Files */,
			);
			path = ripples;
			sourceTree = "<group>";
		};
		F7C3D50519E223AE00A606B7 /* Supporting Files */ = {
			isa = PBXGroup;
			children = (
				F7C3D50619E223AE00A606B7 /* Info.plist */,
			);
			name = "Supporting Files";
			sourceTree = "<group>";
		};
		F7C3D51719E223AE00A606B7 /* ripplesTests */ = {
			isa = PBXGroup;
			children = (
				F7C3D51A19E223AE00A606B7 /* ripplesTests.swift */,
				F7C3D51819E223AE00A606B7 /* Supporting Files */,
			);
			path = ripplesTests;
			sourceTree = "<group>";
		};
		F7C3D51819E223AE00A606B7 /* Supporting Files */ = {
			isa = PBXGroup;
			children = (
				F7C3D51919E223AE00A606B7 /* Info.plist */,
			);
			name = "Supporting Files";
			sourceTree = "<group>";
		};
/* End PBXGroup section */

/* Begin PBXNativeTarget section */
		F7C3D50119E223AE00A606B7 /* ripples */ = {
			isa = PBXNativeTarget;
			buildConfigurationList = F7C3D51E19E223AE00A606B7 /* Build configuration list for PBXNativeTarget "ripples" */;
			buildPhases = (
				F7C3D4FE19E223AE00A606B7 /* Sources */,
				F7C3D4FF19E223AE00A606B7 /* Frameworks */,
				F7C3D50019E223AE00A606B7 /* Resources */,
			);
			buildRules = (
			);
			dependencies = (
			);
			name = ripples;
			productName = ripples;
			productReference = F7C3D50219E223AE00A606B7 /* ripples.app */;
			productType = "com.apple.product-type.application";
		};
		F7C3D51319E223AE00A606B7 /* ripplesTests */ = {
			isa = PBXNativeTarget;
			buildConfigurationList = F7C3D52119E223AE00A606B7 /* Build configuration list for PBXNativeTarget "ripplesTests" */;
			buildPhases = (
				F7C3D51019E223AE00A606B7 /* Sources */,
				F7C3D51119E223AE00A606B7 /* Frameworks */,
				F7C3D51219E223AE00A606B7 /* Resources */,
			);
			buildRules = (
			);
			dependencies = (
				F7C3D51619E223AE00A606B7 /* PBXTargetDependency */,
			);
			name = ripplesTests;
			productName = ripplesTests;
			productReference = F7C3D51419E223AE00A606B7 /* ripplesTests.xctest */;
			productType = "com.apple.product-type.bundle.unit-test";
		};
/* End PBXNativeTarget section */

/* Begin PBXProject section */
		F7C3D4FA19E223AE00A606B7 /* Project object */ = {
			isa = PBXProject;
			attributes = {
				LastUpgradeCheck = 0600;
				ORGANIZATIONNAME = "Y.CORP.YAHOO.COM\\ltsung";
				TargetAttributes = {
					F7C3D50119E223AE00A606B7 = {
						CreatedOnToolsVersion = 6.0;
					};
					F7C3D51319E223AE00A606B7 = {
						CreatedOnToolsVersion = 6.0;
						TestTargetID = F7C3D50119E223AE00A606B7;
					};
				};
			};
			buildConfigurationList = F7C3D4FD19E223AE00A606B7 /* Build configuration list for PBXProject "ripples" */;
			compatibilityVersion = "Xcode 3.2";
			developmentRegion = English;
			hasScannedForEncodings = 0;
			knownRegions = (
				en,
				Base,
			);
			mainGroup = F7C3D4F919E223AE00A606B7;
			productRefGroup = F7C3D50319E223AE00A606B7 /* Products */;
			projectDirPath = "";
			projectRoot = "";
			targets = (
				F7C3D50119E223AE00A606B7 /* ripples */,
				F7C3D51319E223AE00A606B7 /* ripplesTests */,
			);
		};
/* End PBXProject section */

/* Begin PBXResourcesBuildPhase section */
		F7C3D50019E223AE00A606B7 /* Resources */ = {
			isa = PBXResourcesBuildPhase;
			buildActionMask = 2147483647;
			files = (
				F7C3D50D19E223AE00A606B7 /* Main.storyboard in Resources */,
				F7C3D50F19E223AE00A606B7 /* Images.xcassets in Resources */,
			);
			runOnlyForDeploymentPostprocessing = 0;
		};
		F7C3D51219E223AE00A606B7 /* Resources */ = {
			isa = PBXResourcesBuildPhase;
			buildActionMask = 2147483647;
			files = (
			);
			runOnlyForDeploymentPostprocessing = 0;
		};
/* End PBXResourcesBuildPhase section */

/* Begin PBXSourcesBuildPhase section */
		F7C3D4FE19E223AE00A606B7 /* Sources */ = {
			isa = PBXSourcesBuildPhase;
			buildActionMask = 2147483647;
			files = (
				F7C3D50A19E223AE00A606B7 /* ViewController.swift in Sources */,
				F7C3D50819E223AE00A606B7 /* AppDelegate.swift in Sources */,
			);
			runOnlyForDeploymentPostprocessing = 0;
		};
		F7C3D51019E223AE00A606B7 /* Sources */ = {
			isa = PBXSourcesBuildPhase;
			buildActionMask = 2147483647;
			files = (
				F7C3D51B19E223AE00A606B7 /* ripplesTests.swift in Sources */,
			);
			runOnlyForDeploymentPostprocessing = 0;
		};
/* End PBXSourcesBuildPhase section */

/* Begin PBXTargetDependency section */
		F7C3D51619E223AE00A606B7 /* PBXTargetDependency */ = {
			isa = PBXTargetDependency;
			target = F7C3D50119E223AE00A606B7 /* ripples */;
			targetProxy = F7C3D51519E223AE00A606B7 /* PBXContainerItemProxy */;
		};
/* End PBXTargetDependency section */

/* Begin PBXVariantGroup section */
		F7C3D50B19E223AE00A606B7 /* Main.storyboard */ = {
			isa = PBXVariantGroup;
			children = (
				F7C3D50C19E223AE00A606B7 /* Base */,
			);
			name = Main.storyboard;
			sourceTree = "<group>";
		};
/* End PBXVariantGroup section */

/* Begin XCBuildConfiguration section */
		F7C3D51C19E223AE00A606B7 /* Debug */ = {
			isa = XCBuildConfiguration;
			buildSettings = {
				ALWAYS_SEARCH_USER_PATHS = NO;
				CLANG_CXX_LANGUAGE_STANDARD = "gnu++0x";
				CLANG_CXX_LIBRARY = "libc++";
				CLANG_ENABLE_MODULES = YES;
				CLANG_ENABLE_OBJC_ARC = YES;
				CLANG_WARN_BOOL_CONVERSION = YES;
				CLANG_WARN_CONSTANT_CONVERSION = YES;
				CLANG_WARN_DIRECT_OBJC_ISA_USAGE = YES_ERROR;
				CLANG_WARN_EMPTY_BODY = YES;
				CLANG_WARN_ENUM_CONVERSION = YES;
				CLANG_WARN_INT_CONVERSION = YES;
				CLANG_WARN_OBJC_ROOT_CLASS = YES_ERROR;
				CLANG_WARN_UNREACHABLE_CODE = YES;
				CLANG_WARN__DUPLICATE_METHOD_MATCH = YES;
				"CODE_SIGN_IDENTITY[sdk=iphoneos*]" = "iPhone Developer";
				COPY_PHASE_STRIP = NO;
				ENABLE_STRICT_OBJC_MSGSEND = YES;
				GCC_C_LANGUAGE_STANDARD = gnu99;
				GCC_DYNAMIC_NO_PIC = NO;
				GCC_OPTIMIZATION_LEVEL = 0;
				GCC_PREPROCESSOR_DEFINITIONS = (
					"DEBUG=1",
					"$(inherited)",
				);
				GCC_SYMBOLS_PRIVATE_EXTERN = NO;
				GCC_WARN_64_TO_32_BIT_CONVERSION = YES;
				GCC_WARN_ABOUT_RETURN_TYPE = YES_ERROR;
				GCC_WARN_UNDECLARED_SELECTOR = YES;
				GCC_WARN_UNINITIALIZED_AUTOS = YES_AGGRESSIVE;
				GCC_WARN_UNUSED_FUNCTION = YES;
				GCC_WARN_UNUSED_VARIABLE = YES;
				IPHONEOS_DEPLOYMENT_TARGET = 8.0;
				MTL_ENABLE_DEBUG_INFO = YES;
				ONLY_ACTIVE_ARCH = YES;
				SDKROOT = iphoneos;
				SWIFT_OPTIMIZATION_LEVEL = "-Onone";
				TARGETED_DEVICE_FAMILY = "1,2";
			};
			name = Debug;
		};
		F7C3D51D19E223AE00A606B7 /* Release */ = {
			isa = XCBuildConfiguration;
			buildSettings = {
				ALWAYS_SEARCH_USER_PATHS = NO;
				CLANG_CXX_LANGUAGE_STANDARD = "gnu++0x";
				CLANG_CXX_LIBRARY = "libc++";
				CLANG_ENABLE_MODULES = YES;
				CLANG_ENABLE_OBJC_ARC = YES;
				CLANG_WARN_BOOL_CONVERSION = YES;
				CLANG_WARN_CONSTANT_CONVERSION = YES;
				CLANG_WARN_DIRECT_OBJC_ISA_USAGE = YES_ERROR;
				CLANG_WARN_EMPTY_BODY = YES;
				CLANG_WARN_ENUM_CONVERSION = YES;
				CLANG_WARN_INT_CONVERSION = YES;
				CLANG_WARN_OBJC_ROOT_CLASS = YES_ERROR;
				CLANG_WARN_UNREACHABLE_CODE = YES;
				CLANG_WARN__DUPLICATE_METHOD_MATCH = YES;
				"CODE_SIGN_IDENTITY[sdk=iphoneos*]" = "iPhone Developer";
				COPY_PHASE_STRIP = YES;
				ENABLE_NS_ASSERTIONS = NO;
				ENABLE_STRICT_OBJC_MSGSEND = YES;
				GCC_C_LANGUAGE_STANDARD = gnu99;
				GCC_WARN_64_TO_32_BIT_CONVERSION = YES;
				GCC_WARN_ABOUT_RETURN_TYPE = YES_ERROR;
				GCC_WARN_UNDECLARED_SELECTOR = YES;
				GCC_WARN_UNINITIALIZED_AUTOS = YES_AGGRESSIVE;
				GCC_WARN_UNUSED_FUNCTION = YES;
				GCC_WARN_UNUSED_VARIABLE = YES;
				IPHONEOS_DEPLOYMENT_TARGET = 8.0;
				MTL_ENABLE_DEBUG_INFO = NO;
				SDKROOT = iphoneos;
				TARGETED_DEVICE_FAMILY = "1,2";
				VALIDATE_PRODUCT = YES;
			};
			name = Release;
		};
		F7C3D51F19E223AE00A606B7 /* Debug */ = {
			isa = XCBuildConfiguration;
			buildSettings = {
				ASSETCATALOG_COMPILER_APPICON_NAME = AppIcon;
				ASSETCATALOG_COMPILER_LAUNCHIMAGE_NAME = LaunchImage;
				INFOPLIST_FILE = ripples/Info.plist;
				LD_RUNPATH_SEARCH_PATHS = "$(inherited) @executable_path/Frameworks";
				PRODUCT_NAME = "$(TARGET_NAME)";
			};
			name = Debug;
		};
		F7C3D52019E223AE00A606B7 /* Release */ = {
			isa = XCBuildConfiguration;
			buildSettings = {
				ASSETCATALOG_COMPILER_APPICON_NAME = AppIcon;
				ASSETCATALOG_COMPILER_LAUNCHIMAGE_NAME = LaunchImage;
				INFOPLIST_FILE = ripples/Info.plist;
				LD_RUNPATH_SEARCH_PATHS = "$(inherited) @executable_path/Frameworks";
				PRODUCT_NAME = "$(TARGET_NAME)";
			};
			name = Release;
		};
		F7C3D52219E223AE00A606B7 /* Debug */ = {
			isa = XCBuildConfiguration;
			buildSettings = {
				BUNDLE_LOADER = "$(TEST_HOST)";
				FRAMEWORK_SEARCH_PATHS = (
					"$(SDKROOT)/Developer/Library/Frameworks",
					"$(inherited)",
				);
				GCC_PREPROCESSOR_DEFINITIONS = (
					"DEBUG=1",
					"$(inherited)",
				);
				INFOPLIST_FILE = ripplesTests/Info.plist;
				LD_RUNPATH_SEARCH_PATHS = "$(inherited) @executable_path/Frameworks @loader_path/Frameworks";
				PRODUCT_NAME = "$(TARGET_NAME)";
				TEST_HOST = "$(BUILT_PRODUCTS_DIR)/ripples.app/ripples";
			};
			name = Debug;
		};
		F7C3D52319E223AE00A606B7 /* Release */ = {
			isa = XCBuildConfiguration;
			buildSettings = {
				BUNDLE_LOADER = "$(TEST_HOST)";
				FRAMEWORK_SEARCH_PATHS = (
					"$(SDKROOT)/Developer/Library/Frameworks",
					"$(inherited)",
				);
				INFOPLIST_FILE = ripplesTests/Info.plist;
				LD_RUNPATH_SEARCH_PATHS = "$(inherited) @executable_path/Frameworks @loader_path/Frameworks";
				PRODUCT_NAME = "$(TARGET_NAME)";
				TEST_HOST = "$(BUILT_PRODUCTS_DIR)/ripples.app/ripples";
			};
			name = Release;
		};
/* End XCBuildConfiguration section */

/* Begin XCConfigurationList section */
		F7C3D4FD19E223AE00A606B7 /* Build configuration list for PBXProject "ripples" */ = {
			isa = XCConfigurationList;
			buildConfigurations = (
				F7C3D51C19E223AE00A606B7 /* Debug */,
				F7C3D51D19E223AE00A606B7 /* Release */,
			);
			defaultConfigurationIsVisible = 0;
			defaultConfigurationName = Release;
		};
		F7C3D51E19E223AE00A606B7 /* Build configuration list for PBXNativeTarget "ripples" */ = {
			isa = XCConfigurationList;
			buildConfigurations = (
				F7C3D51F19E223AE00A606B7 /* Debug */,
				F7C3D52019E223AE00A606B7 /* Release */,
			);
			defaultConfigurationIsVisible = 0;
		};
		F7C3D52119E223AE00A606B7 /* Build configuration list for PBXNativeTarget "ripplesTests" */ = {
			isa = XCConfigurationList;
			buildConfigurations = (
				F7C3D52219E223AE00A606B7 /* Debug */,
				F7C3D52319E223AE00A606B7 /* Release */,
			);
			defaultConfigurationIsVisible = 0;
		};
/* End XCConfigurationList section */
	};
	rootObject = F7C3D4FA19E223AE00A606B7 /* Project object */;
}
